
Microsoft Visual Studio Solution File, Format Version 12.00
# Visual Studio Version 16
VisualStudioVersion = 16.0.30225.117
MinimumVisualStudioVersion = 10.0.40219.1
Project("{FAE04EC0-301F-11D3-BF4B-00C04F79EFBC}") = "Proyecto Final", "Proyecto Final\Proyecto Final.csproj", "{288A91EF-C92C-4993-9F1F-2CC6E7CA38A1}"
EndProject
Global
	GlobalSection(SolutionConfigurationPlatforms) = preSolution
		Debug|Any CPU = Debug|Any CPU
		Release|Any CPU = Release|Any CPU
	EndGlobalSection
	GlobalSection(ProjectConfigurationPlatforms) = postSolution
		{288A91EF-C92C-4993-9F1F-2CC6E7CA38A1}.Debug|Any CPU.ActiveCfg = Debug|Any CPU
		{288A91EF-C92C-4993-9F1F-2CC6E7CA38A1}.Debug|Any CPU.Build.0 = Debug|Any CPU
		{288A91EF-C92C-4993-9F1F-2CC6E7CA38A1}.Release|Any CPU.ActiveCfg = Release|Any CPU
		{288A91EF-C92C-4993-9F1F-2CC6E7CA38A1}.Release|Any CPU.Build.0 = Release|Any CPU
	EndGlobalSection
	GlobalSection(SolutionProperties) = preSolution
		HideSolutionNode = FALSE
	EndGlobalSection
	GlobalSection(ExtensibilityGlobals) = postSolution
		SolutionGuid = {99435FD4-CA6C-47C3-AB06-50CEB986CAB2}
	EndGlobalSection
EndGlobal
